
Microsoft Visual Studio Solution File, Format Version 12.00
# Visual Studio 15
VisualStudioVersion = 15.0.28307.1022
MinimumVisualStudioVersion = 10.0.40219.1
Project("{8BC9CEB8-8B4A-11D0-8D11-00A0C91BC942}") = "Test", "Test\Test.vcxproj", "{DB42974A-F438-4AFB-8D3F-1BA913A9590A}"
EndProject
Global
	GlobalSection(SolutionConfigurationPlatforms) = preSolution
		Debug|x64 = Debug|x64
		Debug|x86 = Debug|x86
		Release|x64 = Release|x64
		Release|x86 = Release|x86
	EndGlobalSection
	GlobalSection(ProjectConfigurationPlatforms) = postSolution
		{DB42974A-F438-4AFB-8D3F-1BA913A9590A}.Debug|x64.ActiveCfg = Debug|x64
		{DB42974A-F438-4AFB-8D3F-1BA913A9590A}.Debug|x64.Build.0 = Debug|x64
		{DB42974A-F438-4AFB-8D3F-1BA913A9590A}.Debug|x86.ActiveCfg = Debug|Win32
		{DB42974A-F438-4AFB-8D3F-1BA913A9590A}.Debug|x86.Build.0 = Debug|Win32
		{DB42974A-F438-4AFB-8D3F-1BA913A9590A}.Release|x64.ActiveCfg = Release|x64
		{DB42974A-F438-4AFB-8D3F-1BA913A9590A}.Release|x64.Build.0 = Release|x64
		{DB42974A-F438-4AFB-8D3F-1BA913A9590A}.Release|x86.ActiveCfg = Release|Win32
		{DB42974A-F438-4AFB-8D3F-1BA913A9590A}.Release|x86.Build.0 = Release|Win32
	EndGlobalSection
	GlobalSection(SolutionProperties) = preSolution
		HideSolutionNode = FALSE
	EndGlobalSection
	GlobalSection(ExtensibilityGlobals) = postSolution
		SolutionGuid = {A73BA6D9-3E2A-44F6-A2F5-3F523CA29A4A}
	EndGlobalSection
EndGlobal
